
Microsoft Visual Studio Solution File, Format Version 12.00
# Visual Studio 2012
Project("{FAE04EC0-301F-11D3-BF4B-00C04F79EFBC}") = "MissingSQLEvents", "MissingSQLEvents\MissingSQLEvents.csproj", "{DE0C34F7-2B18-400E-B46A-A19FEE8EEF2A}"
EndProject
Global
	GlobalSection(SolutionConfigurationPlatforms) = preSolution
		Debug|Any CPU = Debug|Any CPU
		Release|Any CPU = Release|Any CPU
	EndGlobalSection
	GlobalSection(ProjectConfigurationPlatforms) = postSolution
		{DE0C34F7-2B18-400E-B46A-A19FEE8EEF2A}.Debug|Any CPU.ActiveCfg = Debug|Any CPU
		{DE0C34F7-2B18-400E-B46A-A19FEE8EEF2A}.Debug|Any CPU.Build.0 = Debug|Any CPU
		{DE0C34F7-2B18-400E-B46A-A19FEE8EEF2A}.Release|Any CPU.ActiveCfg = Release|Any CPU
		{DE0C34F7-2B18-400E-B46A-A19FEE8EEF2A}.Release|Any CPU.Build.0 = Release|Any CPU
	EndGlobalSection
	GlobalSection(SolutionProperties) = preSolution
		HideSolutionNode = FALSE
	EndGlobalSection
EndGlobal
